{
  "originHash" : "c0c1d42d2981b0725ed26d3022fb9d7f429f1269ca447e6814b8908c3cebcc06",
  "pins" : [
    {
      "identity" : "swift-argument-parser",
      "kind" : "remoteSourceControl",
      "location" : "https://github.com/apple/swift-argument-parser",
      "state" : {
        "revision" : "6a52f3251125d74daf04fcbd5e6f08a75d074382",
        "version" : "1.8.2"
      }
    },
    {
      "identity" : "swiftterm",
      "kind" : "remoteSourceControl",
      "location" : "https://github.com/migueldeicaza/SwiftTerm.git",
      "state" : {
        "revision" : "849e8a4f3d6f79ddee07152400137f1370c32621",
        "version" : "1.14.0"
      }
    }
  ],
  "version" : 3
}
